version = 1
revision = 2
requires-python = ">=3.13"

[[package]]
name = "algorithms-python"
version = "0.1.0"
source = { virtual = "." }
dependencies = [
    { name = "pylint" },
    { name = "pytest" },
]

[package.optional-dependencies]
dev = [
    { name = "black" },
    { name = "isort" },
    { name = "mypy" },
    { name = "pre-commit" },
    { name = "pytest" },
    { name = "pytest-cov" },
]

[package.metadata]
requires-dist = [
    { name = "black", marker = "extra == 'dev'", specifier = ">=23.11.0" },
    { name = "isort", marker = "extra == 'dev'", specifier = ">=5.12.0" },
    { name = "mypy", marker = "extra == 'dev'", specifier = ">=1.7.0" },
    { name = "pre-commit", marker = "extra == 'dev'", specifier = ">=3.6.0" },
    { name = "pylint", specifier = ">=3.3.7" },
    { name = "pytest", specifier = ">=7.4.3" },
    { name = "pytest", marker = "extra == 'dev'", specifier = ">=7.4.3" },
    { name = "pytest-cov", marker = "extra == 'dev'", specifier = ">=4.1.0" },
]
provides-extras = ["dev"]

[[package]]
name = "astroid"
version = "3.3.9"
source = { registry = "https://pypi.org/simple" }
sdist = { url = "https://files.pythonhosted.org/packages/39/33/536530122a22a7504b159bccaf30a1f76aa19d23028bd8b5009eb9b2efea/astroid-3.3.9.tar.gz", hash = "sha256:622cc8e3048684aa42c820d9d218978021c3c3d174fb03a9f0d615921744f550", size = 398731, upload_time = "2025-03-09T11:54:36.388Z" }
wheels = [
    { url = "https://files.pythonhosted.org/packages/de/80/c749efbd8eef5ea77c7d6f1956e8fbfb51963b7f93ef79647afd4d9886e3/astroid-3.3.9-py3-none-any.whl", hash = "sha256:d05bfd0acba96a7bd43e222828b7d9bc1e138aaeb0649707908d3702a9831248", size = 275339, upload_time = "2025-03-09T11:54:34.489Z" },
]

[[package]]
name = "black"
version = "23.11.0"
source = { registry = "https://pypi.org/simple" }
dependencies = [
    { name = "click" },
    { name = "mypy-extensions" },
    { name = "packaging" },
    { name = "pathspec" },
    { name = "platformdirs" },
]
sdist = { url = "https://files.pythonhosted.org/packages/ef/21/c2d38c7c98a089fd0f7e1a8be16c07f141ed57339b3082737de90db0ca59/black-23.11.0.tar.gz", hash = "sha256:4c68855825ff432d197229846f971bc4d6666ce90492e5b02013bcaca4d9ab05", size = 615416, upload_time = "2023-11-08T05:41:30.844Z" }
wheels = [
    { url = "https://files.pythonhosted.org/packages/be/fb/8a670d2a246a351d7662e785d85a636c1c60b5800d175421cdfcb2a59b1d/black-23.11.0-py3-none-any.whl", hash = "sha256:54caaa703227c6e0c87b76326d0862184729a69b73d3b7305b6288e1d830067e", size = 191996, upload_time = "2023-11-08T05:41:28.288Z" },
]

[[package]]
name = "cfgv"
version = "3.4.0"
source = { registry = "https://pypi.org/simple" }
sdist = { url = "https://files.pythonhosted.org/packages/11/74/539e56497d9bd1d484fd863dd69cbbfa653cd2aa27abfe35653494d85e94/cfgv-3.4.0.tar.gz", hash = "sha256:e52591d4c5f5dead8e0f673fb16db7949d2cfb3f7da4582893288f0ded8fe560", size = 7114, upload_time = "2023-08-12T20:38:17.776Z" }
wheels = [
    { url = "https://files.pythonhosted.org/packages/c5/55/51844dd50c4fc7a33b653bfaba4c2456f06955289ca770a5dbd5fd267374/cfgv-3.4.0-py2.py3-none-any.whl", hash = "sha256:b7265b1f29fd3316bfcd2b330d63d024f2bfd8bcb8b0272f8e19a504856c48f9", size = 7249, upload_time = "2023-08-12T20:38:16.269Z" },
]

[[package]]
name = "click"
version = "8.1.8"
source = { registry = "https://pypi.org/simple" }
dependencies = [
    { name = "colorama", marker = "sys_platform == 'win32'" },
]
sdist = { url = "https://files.pythonhosted.org/packages/b9/2e/0090cbf739cee7d23781ad4b89a9894a41538e4fcf4c31dcdd705b78eb8b/click-8.1.8.tar.gz", hash = "sha256:ed53c9d8990d83c2a27deae68e4ee337473f6330c040a31d4225c9574d16096a", size = 226593, upload_time = "2024-12-21T18:38:44.339Z" }
wheels = [
    { url = "https://files.pythonhosted.org/packages/7e/d4/7ebdbd03970677812aac39c869717059dbb71a4cfc033ca6e5221787892c/click-8.1.8-py3-none-any.whl", hash = "sha256:63c132bbbed01578a06712a2d1f497bb62d9c1c0d329b7903a866228027263b2", size = 98188, upload_time = "2024-12-21T18:38:41.666Z" },
]

[[package]]
name = "colorama"
version = "0.4.6"
source = { registry = "https://pypi.org/simple" }
sdist = { url = "https://files.pythonhosted.org/packages/d8/53/6f443c9a4a8358a93a6792e2acffb9d9d5cb0a5cfd8802644b7b1c9a02e4/colorama-0.4.6.tar.gz", hash = "sha256:08695f5cb7ed6e0531a20572697297273c47b8cae5a63ffc6d6ed5c201be6e44", size = 27697, upload_time = "2022-10-25T02:36:22.414Z" }
wheels = [
    { url = "https://files.pythonhosted.org/packages/d1/d6/3965ed04c63042e047cb6a3e6ed1a63a35087b6a609aa3a15ed8ac56c221/colorama-0.4.6-py2.py3-none-any.whl", hash = "sha256:4f1d9991f5acc0ca119f9d443620b77f9d6b33703e51011c16baf57afb285fc6", size = 25335, upload_time = "2022-10-25T02:36:20.889Z" },
]

[[package]]
name = "coverage"
version = "7.8.0"
source = { registry = "https://pypi.org/simple" }
sdist = { url = "https://files.pythonhosted.org/packages/19/4f/2251e65033ed2ce1e68f00f91a0294e0f80c80ae8c3ebbe2f12828c4cd53/coverage-7.8.0.tar.gz", hash = "sha256:7a3d62b3b03b4b6fd41a085f3574874cf946cb4604d2b4d3e8dca8cd570ca501", size = 811872, upload_time = "2025-03-30T20:36:45.376Z" }
wheels = [
    { url = "https://files.pythonhosted.org/packages/f3/21/87e9b97b568e223f3438d93072479c2f36cc9b3f6b9f7094b9d50232acc0/coverage-7.8.0-cp313-cp313-macosx_10_13_x86_64.whl", hash = "sha256:5ac46d0c2dd5820ce93943a501ac5f6548ea81594777ca585bf002aa8854cacd", size = 211708, upload_time = "2025-03-30T20:35:47.417Z" },
    { url = "https://files.pythonhosted.org/packages/75/be/882d08b28a0d19c9c4c2e8a1c6ebe1f79c9c839eb46d4fca3bd3b34562b9/coverage-7.8.0-cp313-cp313-macosx_11_0_arm64.whl", hash = "sha256:771eb7587a0563ca5bb6f622b9ed7f9d07bd08900f7589b4febff05f469bea00", size = 211981, upload_time = "2025-03-30T20:35:49.002Z" },
    { url = "https://files.pythonhosted.org/packages/7a/1d/ce99612ebd58082fbe3f8c66f6d8d5694976c76a0d474503fa70633ec77f/coverage-7.8.0-cp313-cp313-manylinux_2_17_aarch64.manylinux2014_aarch64.whl", hash = "sha256:42421e04069fb2cbcbca5a696c4050b84a43b05392679d4068acbe65449b5c64", size = 245495, upload_time = "2025-03-30T20:35:51.073Z" },
    { url = "https://files.pythonhosted.org/packages/dc/8d/6115abe97df98db6b2bd76aae395fcc941d039a7acd25f741312ced9a78f/coverage-7.8.0-cp313-cp313-manylinux_2_5_i686.manylinux1_i686.manylinux_2_17_i686.manylinux2014_i686.whl", hash = "sha256:554fec1199d93ab30adaa751db68acec2b41c5602ac944bb19187cb9a41a8067", size = 242538, upload_time = "2025-03-30T20:35:52.941Z" },
    { url = "https://files.pythonhosted.org/packages/cb/74/2f8cc196643b15bc096d60e073691dadb3dca48418f08bc78dd6e899383e/coverage-7.8.0-cp313-cp313-manylinux_2_5_x86_64.manylinux1_x86_64.manylinux_2_17_x86_64.manylinux2014_x86_64.whl", hash = "sha256:5aaeb00761f985007b38cf463b1d160a14a22c34eb3f6a39d9ad6fc27cb73008", size = 244561, upload_time = "2025-03-30T20:35:54.658Z" },
    { url = "https://files.pythonhosted.org/packages/22/70/c10c77cd77970ac965734fe3419f2c98665f6e982744a9bfb0e749d298f4/coverage-7.8.0-cp313-cp313-musllinux_1_2_aarch64.whl", hash = "sha256:581a40c7b94921fffd6457ffe532259813fc68eb2bdda60fa8cc343414ce3733", size = 244633, upload_time = "2025-03-30T20:35:56.221Z" },
    { url = "https://files.pythonhosted.org/packages/38/5a/4f7569d946a07c952688debee18c2bb9ab24f88027e3d71fd25dbc2f9dca/coverage-7.8.0-cp313-cp313-musllinux_1_2_i686.whl", hash = "sha256:f319bae0321bc838e205bf9e5bc28f0a3165f30c203b610f17ab5552cff90323", size = 242712, upload_time = "2025-03-30T20:35:57.801Z" },
    { url = "https://files.pythonhosted.org/packages/bb/a1/03a43b33f50475a632a91ea8c127f7e35e53786dbe6781c25f19fd5a65f8/coverage-7.8.0-cp313-cp313-musllinux_1_2_x86_64.whl", hash = "sha256:04bfec25a8ef1c5f41f5e7e5c842f6b615599ca8ba8391ec33a9290d9d2db3a3", size = 244000, upload_time = "2025-03-30T20:35:59.378Z" },
    { url = "https://files.pythonhosted.org/packages/6a/89/ab6c43b1788a3128e4d1b7b54214548dcad75a621f9d277b14d16a80d8a1/coverage-7.8.0-cp313-cp313-win32.whl", hash = "sha256:dd19608788b50eed889e13a5d71d832edc34fc9dfce606f66e8f9f917eef910d", size = 214195, upload_time = "2025-03-30T20:36:01.005Z" },
    { url = "https://files.pythonhosted.org/packages/12/12/6bf5f9a8b063d116bac536a7fb594fc35cb04981654cccb4bbfea5dcdfa0/coverage-7.8.0-cp313-cp313-win_amd64.whl", hash = "sha256:a9abbccd778d98e9c7e85038e35e91e67f5b520776781d9a1e2ee9d400869487", size = 214998, upload_time = "2025-03-30T20:36:03.006Z" },
    { url = "https://files.pythonhosted.org/packages/2a/e6/1e9df74ef7a1c983a9c7443dac8aac37a46f1939ae3499424622e72a6f78/coverage-7.8.0-cp313-cp313t-macosx_10_13_x86_64.whl", hash = "sha256:18c5ae6d061ad5b3e7eef4363fb27a0576012a7447af48be6c75b88494c6cf25", size = 212541, upload_time = "2025-03-30T20:36:04.638Z" },
    { url = "https://files.pythonhosted.org/packages/04/51/c32174edb7ee49744e2e81c4b1414ac9df3dacfcb5b5f273b7f285ad43f6/coverage-7.8.0-cp313-cp313t-macosx_11_0_arm64.whl", hash = "sha256:95aa6ae391a22bbbce1b77ddac846c98c5473de0372ba5c463480043a07bff42", size = 212767, upload_time = "2025-03-30T20:36:06.503Z" },
    { url = "https://files.pythonhosted.org/packages/e9/8f/f454cbdb5212f13f29d4a7983db69169f1937e869a5142bce983ded52162/coverage-7.8.0-cp313-cp313t-manylinux_2_17_aarch64.manylinux2014_aarch64.whl", hash = "sha256:e013b07ba1c748dacc2a80e69a46286ff145935f260eb8c72df7185bf048f502", size = 256997, upload_time = "2025-03-30T20:36:08.137Z" },
    { url = "https://files.pythonhosted.org/packages/e6/74/2bf9e78b321216d6ee90a81e5c22f912fc428442c830c4077b4a071db66f/coverage-7.8.0-cp313-cp313t-manylinux_2_5_i686.manylinux1_i686.manylinux_2_17_i686.manylinux2014_i686.whl", hash = "sha256:d766a4f0e5aa1ba056ec3496243150698dc0481902e2b8559314368717be82b1", size = 252708, upload_time = "2025-03-30T20:36:09.781Z" },
    { url = "https://files.pythonhosted.org/packages/92/4d/50d7eb1e9a6062bee6e2f92e78b0998848a972e9afad349b6cdde6fa9e32/coverage-7.8.0-cp313-cp313t-manylinux_2_5_x86_64.manylinux1_x86_64.manylinux_2_17_x86_64.manylinux2014_x86_64.whl", hash = "sha256:ad80e6b4a0c3cb6f10f29ae4c60e991f424e6b14219d46f1e7d442b938ee68a4", size = 255046, upload_time = "2025-03-30T20:36:11.409Z" },
    { url = "https://files.pythonhosted.org/packages/40/9e/71fb4e7402a07c4198ab44fc564d09d7d0ffca46a9fb7b0a7b929e7641bd/coverage-7.8.0-cp313-cp313t-musllinux_1_2_aarch64.whl", hash = "sha256:b87eb6fc9e1bb8f98892a2458781348fa37e6925f35bb6ceb9d4afd54ba36c73", size = 256139, upload_time = "2025-03-30T20:36:13.86Z" },
    { url = "https://files.pythonhosted.org/packages/49/1a/78d37f7a42b5beff027e807c2843185961fdae7fe23aad5a4837c93f9d25/coverage-7.8.0-cp313-cp313t-musllinux_1_2_i686.whl", hash = "sha256:d1ba00ae33be84066cfbe7361d4e04dec78445b2b88bdb734d0d1cbab916025a", size = 254307, upload_time = "2025-03-30T20:36:16.074Z" },
    { url = "https://files.pythonhosted.org/packages/58/e9/8fb8e0ff6bef5e170ee19d59ca694f9001b2ec085dc99b4f65c128bb3f9a/coverage-7.8.0-cp313-cp313t-musllinux_1_2_x86_64.whl", hash = "sha256:f3c38e4e5ccbdc9198aecc766cedbb134b2d89bf64533973678dfcf07effd883", size = 255116, upload_time = "2025-03-30T20:36:18.033Z" },
    { url = "https://files.pythonhosted.org/packages/56/b0/d968ecdbe6fe0a863de7169bbe9e8a476868959f3af24981f6a10d2b6924/coverage-7.8.0-cp313-cp313t-win32.whl", hash = "sha256:379fe315e206b14e21db5240f89dc0774bdd3e25c3c58c2c733c99eca96f1ada", size = 214909, upload_time = "2025-03-30T20:36:19.644Z" },
    { url = "https://files.pythonhosted.org/packages/87/e9/d6b7ef9fecf42dfb418d93544af47c940aa83056c49e6021a564aafbc91f/coverage-7.8.0-cp313-cp313t-win_amd64.whl", hash = "sha256:2e4b6b87bb0c846a9315e3ab4be2d52fac905100565f4b92f02c445c8799e257", size = 216068, upload_time = "2025-03-30T20:36:21.282Z" },
    { url = "https://files.pythonhosted.org/packages/59/f1/4da7717f0063a222db253e7121bd6a56f6fb1ba439dcc36659088793347c/coverage-7.8.0-py3-none-any.whl", hash = "sha256:dbf364b4c5e7bae9250528167dfe40219b62e2d573c854d74be213e1e52069f7", size = 203435, upload_time = "2025-03-30T20:36:43.61Z" },
]

[[package]]
name = "dill"
version = "0.4.0"
source = { registry = "https://pypi.org/simple" }
sdist = { url = "https://files.pythonhosted.org/packages/12/80/630b4b88364e9a8c8c5797f4602d0f76ef820909ee32f0bacb9f90654042/dill-0.4.0.tar.gz", hash = "sha256:0633f1d2df477324f53a895b02c901fb961bdbf65a17122586ea7019292cbcf0", size = 186976, upload_time = "2025-04-16T00:41:48.867Z" }
wheels = [
    { url = "https://files.pythonhosted.org/packages/50/3d/9373ad9c56321fdab5b41197068e1d8c25883b3fea29dd361f9b55116869/dill-0.4.0-py3-none-any.whl", hash = "sha256:44f54bf6412c2c8464c14e8243eb163690a9800dbe2c367330883b19c7561049", size = 119668, upload_time = "2025-04-16T00:41:47.671Z" },
]

[[package]]
name = "distlib"
version = "0.3.9"
source = { registry = "https://pypi.org/simple" }
sdist = { url = "https://files.pythonhosted.org/packages/0d/dd/1bec4c5ddb504ca60fc29472f3d27e8d4da1257a854e1d96742f15c1d02d/distlib-0.3.9.tar.gz", hash = "sha256:a60f20dea646b8a33f3e7772f74dc0b2d0772d2837ee1342a00645c81edf9403", size = 613923, upload_time = "2024-10-09T18:35:47.551Z" }
wheels = [
    { url = "https://files.pythonhosted.org/packages/91/a1/cf2472db20f7ce4a6be1253a81cfdf85ad9c7885ffbed7047fb72c24cf87/distlib-0.3.9-py2.py3-none-any.whl", hash = "sha256:47f8c22fd27c27e25a65601af709b38e4f0a45ea4fc2e710f65755fa8caaaf87", size = 468973, upload_time = "2024-10-09T18:35:44.272Z" },
]

[[package]]
name = "filelock"
version = "3.18.0"
source = { registry = "https://pypi.org/simple" }
sdist = { url = "https://files.pythonhosted.org/packages/0a/10/c23352565a6544bdc5353e0b15fc1c563352101f30e24bf500207a54df9a/filelock-3.18.0.tar.gz", hash = "sha256:adbc88eabb99d2fec8c9c1b229b171f18afa655400173ddc653d5d01501fb9f2", size = 18075, upload_time = "2025-03-14T07:11:40.47Z" }
wheels = [
    { url = "https://files.pythonhosted.org/packages/4d/36/2a115987e2d8c300a974597416d9de88f2444426de9571f4b59b2cca3acc/filelock-3.18.0-py3-none-any.whl", hash = "sha256:c401f4f8377c4464e6db25fff06205fd89bdd83b65eb0488ed1b160f780e21de", size = 16215, upload_time = "2025-03-14T07:11:39.145Z" },
]

[[package]]
name = "identify"
version = "2.6.12"
source = { registry = "https://pypi.org/simple" }
sdist = { url = "https://files.pythonhosted.org/packages/a2/88/d193a27416618628a5eea64e3223acd800b40749a96ffb322a9b55a49ed1/identify-2.6.12.tar.gz", hash = "sha256:d8de45749f1efb108badef65ee8386f0f7bb19a7f26185f74de6367bffbaf0e6", size = 99254, upload_time = "2025-05-23T20:37:53.3Z" }
wheels = [
    { url = "https://files.pythonhosted.org/packages/7a/cd/18f8da995b658420625f7ef13f037be53ae04ec5ad33f9b718240dcfd48c/identify-2.6.12-py2.py3-none-any.whl", hash = "sha256:ad9672d5a72e0d2ff7c5c8809b62dfa60458626352fb0eb7b55e69bdc45334a2", size = 99145, upload_time = "2025-05-23T20:37:51.495Z" },
]

[[package]]
name = "iniconfig"
version = "2.1.0"
source = { registry = "https://pypi.org/simple" }
sdist = { url = "https://files.pythonhosted.org/packages/f2/97/ebf4da567aa6827c909642694d71c9fcf53e5b504f2d96afea02718862f3/iniconfig-2.1.0.tar.gz", hash = "sha256:3abbd2e30b36733fee78f9c7f7308f2d0050e88f0087fd25c2645f63c773e1c7", size = 4793, upload_time = "2025-03-19T20:09:59.721Z" }
wheels = [
    { url = "https://files.pythonhosted.org/packages/2c/e1/e6716421ea10d38022b952c159d5161ca1193197fb744506875fbb87ea7b/iniconfig-2.1.0-py3-none-any.whl", hash = "sha256:9deba5723312380e77435581c6bf4935c94cbfab9b1ed33ef8d238ea168eb760", size = 6050, upload_time = "2025-03-19T20:10:01.071Z" },
]

[[package]]
name = "isort"
version = "5.12.0"
source = { registry = "https://pypi.org/simple" }
sdist = { url = "https://files.pythonhosted.org/packages/a9/c4/dc00e42c158fc4dda2afebe57d2e948805c06d5169007f1724f0683010a9/isort-5.12.0.tar.gz", hash = "sha256:8bef7dde241278824a6d83f44a544709b065191b95b6e50894bdc722fcba0504", size = 174643, upload_time = "2023-01-28T17:10:22.636Z" }
wheels = [
    { url = "https://files.pythonhosted.org/packages/0a/63/4036ae70eea279c63e2304b91ee0ac182f467f24f86394ecfe726092340b/isort-5.12.0-py3-none-any.whl", hash = "sha256:f84c2818376e66cf843d497486ea8fed8700b340f308f076c6fb1229dff318b6", size = 91198, upload_time = "2023-01-28T17:10:21.149Z" },
]

[[package]]
name = "mccabe"
version = "0.7.0"
source = { registry = "https://pypi.org/simple" }
sdist = { url = "https://files.pythonhosted.org/packages/e7/ff/0ffefdcac38932a54d2b5eed4e0ba8a408f215002cd178ad1df0f2806ff8/mccabe-0.7.0.tar.gz", hash = "sha256:348e0240c33b60bbdf4e523192ef919f28cb2c3d7d5c7794f74009290f236325", size = 9658, upload_time = "2022-01-24T01:14:51.113Z" }
wheels = [
    { url = "https://files.pythonhosted.org/packages/27/1a/1f68f9ba0c207934b35b86a8ca3aad8395a3d6dd7921c0686e23853ff5a9/mccabe-0.7.0-py2.py3-none-any.whl", hash = "sha256:6c2d30ab6be0e4a46919781807b4f0d834ebdd6c6e3dca0bda5a15f863427b6e", size = 7350, upload_time = "2022-01-24T01:14:49.62Z" },
]

[[package]]
name = "mypy"
version = "1.7.0"
source = { registry = "https://pypi.org/simple" }
dependencies = [
    { name = "mypy-extensions" },
    { name = "typing-extensions" },
]
sdist = { url = "https://files.pythonhosted.org/packages/71/c8/dd3bee454333df813c97938a64c516e838ca5bc17ef35a74ceeb0f31869d/mypy-1.7.0.tar.gz", hash = "sha256:1e280b5697202efa698372d2f39e9a6713a0395a756b1c6bd48995f8d72690dc", size = 2976850, upload_time = "2023-11-10T14:35:47.592Z" }
wheels = [
    { url = "https://files.pythonhosted.org/packages/e8/f0/91ef152fbdfafd4a1ad936d411125b28a0f3f817f006dc17106835d92f17/mypy-1.7.0-py3-none-any.whl", hash = "sha256:96650d9a4c651bc2a4991cf46f100973f656d69edc7faf91844e87fe627f7e96", size = 2541432, upload_time = "2023-11-10T14:34:21.695Z" },
]

[[package]]
name = "mypy-extensions"
version = "1.1.0"
source = { registry = "https://pypi.org/simple" }
sdist = { url = "https://files.pythonhosted.org/packages/a2/6e/371856a3fb9d31ca8dac321cda606860fa4548858c0cc45d9d1d4ca2628b/mypy_extensions-1.1.0.tar.gz", hash = "sha256:52e68efc3284861e772bbcd66823fde5ae21fd2fdb51c62a211403730b916558", size = 6343, upload_time = "2025-04-22T14:54:24.164Z" }
wheels = [
    { url = "https://files.pythonhosted.org/packages/79/7b/2c79738432f5c924bef5071f933bcc9efd0473bac3b4aa584a6f7c1c8df8/mypy_extensions-1.1.0-py3-none-any.whl", hash = "sha256:1be4cccdb0f2482337c4743e60421de3a356cd97508abadd57d47403e94f5505", size = 4963, upload_time = "2025-04-22T14:54:22.983Z" },
]

[[package]]
name = "nodeenv"
version = "1.9.1"
source = { registry = "https://pypi.org/simple" }
sdist = { url = "https://files.pythonhosted.org/packages/43/16/fc88b08840de0e0a72a2f9d8c6bae36be573e475a6326ae854bcc549fc45/nodeenv-1.9.1.tar.gz", hash = "sha256:6ec12890a2dab7946721edbfbcd91f3319c6ccc9aec47be7c7e6b7011ee6645f", size = 47437, upload_time = "2024-06-04T18:44:11.171Z" }
wheels = [
    { url = "https://files.pythonhosted.org/packages/d2/1d/1b658dbd2b9fa9c4c9f32accbfc0205d532c8c6194dc0f2a4c0428e7128a/nodeenv-1.9.1-py2.py3-none-any.whl", hash = "sha256:ba11c9782d29c27c70ffbdda2d7415098754709be8a7056d79a737cd901155c9", size = 22314, upload_time = "2024-06-04T18:44:08.352Z" },
]

[[package]]
name = "packaging"
version = "25.0"
source = { registry = "https://pypi.org/simple" }
sdist = { url = "https://files.pythonhosted.org/packages/a1/d4/1fc4078c65507b51b96ca8f8c3ba19e6a61c8253c72794544580a7b6c24d/packaging-25.0.tar.gz", hash = "sha256:d443872c98d677bf60f6a1f2f8c1cb748e8fe762d2bf9d3148b5599295b0fc4f", size = 165727, upload_time = "2025-04-19T11:48:59.673Z" }
wheels = [
    { url = "https://files.pythonhosted.org/packages/20/12/38679034af332785aac8774540895e234f4d07f7545804097de4b666afd8/packaging-25.0-py3-none-any.whl", hash = "sha256:29572ef2b1f17581046b3a2227d5c611fb25ec70ca1ba8554b24b0e69331a484", size = 66469, upload_time = "2025-04-19T11:48:57.875Z" },
]

[[package]]
name = "pathspec"
version = "0.12.1"
source = { registry = "https://pypi.org/simple" }
sdist = { url = "https://files.pythonhosted.org/packages/ca/bc/f35b8446f4531a7cb215605d100cd88b7ac6f44ab3fc94870c120ab3adbf/pathspec-0.12.1.tar.gz", hash = "sha256:a482d51503a1ab33b1c67a6c3813a26953dbdc71c31dacaef9a838c4e29f5712", size = 51043, upload_time = "2023-12-10T22:30:45Z" }
wheels = [
    { url = "https://files.pythonhosted.org/packages/cc/20/ff623b09d963f88bfde16306a54e12ee5ea43e9b597108672ff3a408aad6/pathspec-0.12.1-py3-none-any.whl", hash = "sha256:a0d503e138a4c123b27490a4f7beda6a01c6f288df0e4a8b79c7eb0dc7b4cc08", size = 31191, upload_time = "2023-12-10T22:30:43.14Z" },
]

[[package]]
name = "platformdirs"
version = "4.3.8"
source = { registry = "https://pypi.org/simple" }
sdist = { url = "https://files.pythonhosted.org/packages/fe/8b/3c73abc9c759ecd3f1f7ceff6685840859e8070c4d947c93fae71f6a0bf2/platformdirs-4.3.8.tar.gz", hash = "sha256:3d512d96e16bcb959a814c9f348431070822a6496326a4be0911c40b5a74c2bc", size = 21362, upload_time = "2025-05-07T22:47:42.121Z" }
wheels = [
    { url = "https://files.pythonhosted.org/packages/fe/39/979e8e21520d4e47a0bbe349e2713c0aac6f3d853d0e5b34d76206c439aa/platformdirs-4.3.8-py3-none-any.whl", hash = "sha256:ff7059bb7eb1179e2685604f4aaf157cfd9535242bd23742eadc3c13542139b4", size = 18567, upload_time = "2025-05-07T22:47:40.376Z" },
]

[[package]]
name = "pluggy"
version = "1.5.0"
source = { registry = "https://pypi.org/simple" }
sdist = { url = "https://files.pythonhosted.org/packages/96/2d/02d4312c973c6050a18b314a5ad0b3210edb65a906f868e31c111dede4a6/pluggy-1.5.0.tar.gz", hash = "sha256:2cffa88e94fdc978c4c574f15f9e59b7f4201d439195c3715ca9e2486f1d0cf1", size = 67955, upload_time = "2024-04-20T21:34:42.531Z" }
wheels = [
    { url = "https://files.pythonhosted.org/packages/88/5f/e351af9a41f866ac3f1fac4ca0613908d9a41741cfcf2228f4ad853b697d/pluggy-1.5.0-py3-none-any.whl", hash = "sha256:44e1ad92c8ca002de6377e165f3e0f1be63266ab4d554740532335b9d75ea669", size = 20556, upload_time = "2024-04-20T21:34:40.434Z" },
]

[[package]]
name = "pre-commit"
version = "4.2.0"
source = { registry = "https://pypi.org/simple" }
dependencies = [
    { name = "cfgv" },
    { name = "identify" },
    { name = "nodeenv" },
    { name = "pyyaml" },
    { name = "virtualenv" },
]
sdist = { url = "https://files.pythonhosted.org/packages/08/39/679ca9b26c7bb2999ff122d50faa301e49af82ca9c066ec061cfbc0c6784/pre_commit-4.2.0.tar.gz", hash = "sha256:601283b9757afd87d40c4c4a9b2b5de9637a8ea02eaff7adc2d0fb4e04841146", size = 193424, upload_time = "2025-03-18T21:35:20.987Z" }
wheels = [
    { url = "https://files.pythonhosted.org/packages/88/74/a88bf1b1efeae488a0c0b7bdf71429c313722d1fc0f377537fbe554e6180/pre_commit-4.2.0-py2.py3-none-any.whl", hash = "sha256:a009ca7205f1eb497d10b845e52c838a98b6cdd2102a6c8e4540e94ee75c58bd", size = 220707, upload_time = "2025-03-18T21:35:19.343Z" },
]

[[package]]
name = "pylint"
version = "3.3.7"
source = { registry = "https://pypi.org/simple" }
dependencies = [
    { name = "astroid" },
    { name = "colorama", marker = "sys_platform == 'win32'" },
    { name = "dill" },
    { name = "isort" },
    { name = "mccabe" },
    { name = "platformdirs" },
    { name = "tomlkit" },
]
sdist = { url = "https://files.pythonhosted.org/packages/1c/e4/83e487d3ddd64ab27749b66137b26dc0c5b5c161be680e6beffdc99070b3/pylint-3.3.7.tar.gz", hash = "sha256:2b11de8bde49f9c5059452e0c310c079c746a0a8eeaa789e5aa966ecc23e4559", size = 1520709, upload_time = "2025-05-04T17:07:51.089Z" }
wheels = [
    { url = "https://files.pythonhosted.org/packages/e8/83/bff755d09e31b5d25cc7fdc4bf3915d1a404e181f1abf0359af376845c24/pylint-3.3.7-py3-none-any.whl", hash = "sha256:43860aafefce92fca4cf6b61fe199cdc5ae54ea28f9bf4cd49de267b5195803d", size = 522565, upload_time = "2025-05-04T17:07:48.714Z" },
]

[[package]]
name = "pytest"
version = "7.4.3"
source = { registry = "https://pypi.org/simple" }
dependencies = [
    { name = "colorama", marker = "sys_platform == 'win32'" },
    { name = "iniconfig" },
    { name = "packaging" },
    { name = "pluggy" },
]
sdist = { url = "https://files.pythonhosted.org/packages/38/d4/174f020da50c5afe9f5963ad0fc5b56a4287e3586e3de5b3c8bce9c547b4/pytest-7.4.3.tar.gz", hash = "sha256:d989d136982de4e3b29dabcc838ad581c64e8ed52c11fbe86ddebd9da0818cd5", size = 1356179, upload_time = "2023-10-24T19:23:16.858Z" }
wheels = [
    { url = "https://files.pythonhosted.org/packages/f3/8c/f16efd81ca8e293b2cc78f111190a79ee539d0d5d36ccd49975cb3beac60/pytest-7.4.3-py3-none-any.whl", hash = "sha256:0d009c083ea859a71b76adf7c1d502e4bc170b80a8ef002da5806527b9591fac", size = 325075, upload_time = "2023-10-24T19:23:14.124Z" },
]

[[package]]
name = "pytest-cov"
version = "4.1.0"
source = { registry = "https://pypi.org/simple" }
dependencies = [
    { name = "coverage" },
    { name = "pytest" },
]
sdist = { url = "https://files.pythonhosted.org/packages/7a/15/da3df99fd551507694a9b01f512a2f6cf1254f33601605843c3775f39460/pytest-cov-4.1.0.tar.gz", hash = "sha256:3904b13dfbfec47f003b8e77fd5b589cd11904a21ddf1ab38a64f204d6a10ef6", size = 63245, upload_time = "2023-05-24T18:44:56.845Z" }
wheels = [
    { url = "https://files.pythonhosted.org/packages/a7/4b/8b78d126e275efa2379b1c2e09dc52cf70df16fc3b90613ef82531499d73/pytest_cov-4.1.0-py3-none-any.whl", hash = "sha256:6ba70b9e97e69fcc3fb45bfeab2d0a138fb65c4d0d6a41ef33983ad114be8c3a", size = 21949, upload_time = "2023-05-24T18:44:54.079Z" },
]

[[package]]
name = "pyyaml"
version = "6.0.2"
source = { registry = "https://pypi.org/simple" }
sdist = { url = "https://files.pythonhosted.org/packages/54/ed/79a089b6be93607fa5cdaedf301d7dfb23af5f25c398d5ead2525b063e17/pyyaml-6.0.2.tar.gz", hash = "sha256:d584d9ec91ad65861cc08d42e834324ef890a082e591037abe114850ff7bbc3e", size = 130631, upload_time = "2024-08-06T20:33:50.674Z" }
wheels = [
    { url = "https://files.pythonhosted.org/packages/ef/e3/3af305b830494fa85d95f6d95ef7fa73f2ee1cc8ef5b495c7c3269fb835f/PyYAML-6.0.2-cp313-cp313-macosx_10_13_x86_64.whl", hash = "sha256:efdca5630322a10774e8e98e1af481aad470dd62c3170801852d752aa7a783ba", size = 181309, upload_time = "2024-08-06T20:32:43.4Z" },
    { url = "https://files.pythonhosted.org/packages/45/9f/3b1c20a0b7a3200524eb0076cc027a970d320bd3a6592873c85c92a08731/PyYAML-6.0.2-cp313-cp313-macosx_11_0_arm64.whl", hash = "sha256:50187695423ffe49e2deacb8cd10510bc361faac997de9efef88badc3bb9e2d1", size = 171679, upload_time = "2024-08-06T20:32:44.801Z" },
    { url = "https://files.pythonhosted.org/packages/7c/9a/337322f27005c33bcb656c655fa78325b730324c78620e8328ae28b64d0c/PyYAML-6.0.2-cp313-cp313-manylinux_2_17_aarch64.manylinux2014_aarch64.whl", hash = "sha256:0ffe8360bab4910ef1b9e87fb812d8bc0a308b0d0eef8c8f44e0254ab3b07133", size = 733428, upload_time = "2024-08-06T20:32:46.432Z" },
    { url = "https://files.pythonhosted.org/packages/a3/69/864fbe19e6c18ea3cc196cbe5d392175b4cf3d5d0ac1403ec3f2d237ebb5/PyYAML-6.0.2-cp313-cp313-manylinux_2_17_s390x.manylinux2014_s390x.whl", hash = "sha256:17e311b6c678207928d649faa7cb0d7b4c26a0ba73d41e99c4fff6b6c3276484", size = 763361, upload_time = "2024-08-06T20:32:51.188Z" },
    { url = "https://files.pythonhosted.org/packages/04/24/b7721e4845c2f162d26f50521b825fb061bc0a5afcf9a386840f23ea19fa/PyYAML-6.0.2-cp313-cp313-manylinux_2_17_x86_64.manylinux2014_x86_64.whl", hash = "sha256:70b189594dbe54f75ab3a1acec5f1e3faa7e8cf2f1e08d9b561cb41b845f69d5", size = 759523, upload_time = "2024-08-06T20:32:53.019Z" },
    { url = "https://files.pythonhosted.org/packages/2b/b2/e3234f59ba06559c6ff63c4e10baea10e5e7df868092bf9ab40e5b9c56b6/PyYAML-6.0.2-cp313-cp313-musllinux_1_1_aarch64.whl", hash = "sha256:41e4e3953a79407c794916fa277a82531dd93aad34e29c2a514c2c0c5fe971cc", size = 726660, upload_time = "2024-08-06T20:32:54.708Z" },
    { url = "https://files.pythonhosted.org/packages/fe/0f/25911a9f080464c59fab9027482f822b86bf0608957a5fcc6eaac85aa515/PyYAML-6.0.2-cp313-cp313-musllinux_1_1_x86_64.whl", hash = "sha256:68ccc6023a3400877818152ad9a1033e3db8625d899c72eacb5a668902e4d652", size = 751597, upload_time = "2024-08-06T20:32:56.985Z" },
    { url = "https://files.pythonhosted.org/packages/14/0d/e2c3b43bbce3cf6bd97c840b46088a3031085179e596d4929729d8d68270/PyYAML-6.0.2-cp313-cp313-win32.whl", hash = "sha256:bc2fa7c6b47d6bc618dd7fb02ef6fdedb1090ec036abab80d4681424b84c1183", size = 140527, upload_time = "2024-08-06T20:33:03.001Z" },
    { url = "https://files.pythonhosted.org/packages/fa/de/02b54f42487e3d3c6efb3f89428677074ca7bf43aae402517bc7cca949f3/PyYAML-6.0.2-cp313-cp313-win_amd64.whl", hash = "sha256:8388ee1976c416731879ac16da0aff3f63b286ffdd57cdeb95f3f2e085687563", size = 156446, upload_time = "2024-08-06T20:33:04.33Z" },
]

[[package]]
name = "tomlkit"
version = "0.13.2"
source = { registry = "https://pypi.org/simple" }
sdist = { url = "https://files.pythonhosted.org/packages/b1/09/a439bec5888f00a54b8b9f05fa94d7f901d6735ef4e55dcec9bc37b5d8fa/tomlkit-0.13.2.tar.gz", hash = "sha256:fff5fe59a87295b278abd31bec92c15d9bc4a06885ab12bcea52c71119392e79", size = 192885, upload_time = "2024-08-14T08:19:41.488Z" }
wheels = [
    { url = "https://files.pythonhosted.org/packages/f9/b6/a447b5e4ec71e13871be01ba81f5dfc9d0af7e473da256ff46bc0e24026f/tomlkit-0.13.2-py3-none-any.whl", hash = "sha256:7a974427f6e119197f670fbbbeae7bef749a6c14e793db934baefc1b5f03efde", size = 37955, upload_time = "2024-08-14T08:19:40.05Z" },
]

[[package]]
name = "typing-extensions"
version = "4.13.2"
source = { registry = "https://pypi.org/simple" }
sdist = { url = "https://files.pythonhosted.org/packages/f6/37/23083fcd6e35492953e8d2aaaa68b860eb422b34627b13f2ce3eb6106061/typing_extensions-4.13.2.tar.gz", hash = "sha256:e6c81219bd689f51865d9e372991c540bda33a0379d5573cddb9a3a23f7caaef", size = 106967, upload_time = "2025-04-10T14:19:05.416Z" }
wheels = [
    { url = "https://files.pythonhosted.org/packages/8b/54/b1ae86c0973cc6f0210b53d508ca3641fb6d0c56823f288d108bc7ab3cc8/typing_extensions-4.13.2-py3-none-any.whl", hash = "sha256:a439e7c04b49fec3e5d3e2beaa21755cadbbdc391694e28ccdd36ca4a1408f8c", size = 45806, upload_time = "2025-04-10T14:19:03.967Z" },
]

[[package]]
name = "virtualenv"
version = "20.31.2"
source = { registry = "https://pypi.org/simple" }
dependencies = [
    { name = "distlib" },
    { name = "filelock" },
    { name = "platformdirs" },
]
sdist = { url = "https://files.pythonhosted.org/packages/56/2c/444f465fb2c65f40c3a104fd0c495184c4f2336d65baf398e3c75d72ea94/virtualenv-20.31.2.tar.gz", hash = "sha256:e10c0a9d02835e592521be48b332b6caee6887f332c111aa79a09b9e79efc2af", size = 6076316, upload_time = "2025-05-08T17:58:23.811Z" }
wheels = [
    { url = "https://files.pythonhosted.org/packages/f3/40/b1c265d4b2b62b58576588510fc4d1fe60a86319c8de99fd8e9fec617d2c/virtualenv-20.31.2-py3-none-any.whl", hash = "sha256:36efd0d9650ee985f0cad72065001e66d49a6f24eb44d98980f630686243cf11", size = 6057982, upload_time = "2025-05-08T17:58:21.15Z" },
]
